{
  "name": "testTodo",
  "lockfileVersion": 3,
  "requires": true,
  "packages": {
    "": {
      "dependencies": {
        "ky": "^1.4.0"
      }
    },
    "node_modules/ky": {
      "version": "1.4.0",
      "resolved": "https://registry.npmjs.org/ky/-/ky-1.4.0.tgz",
      "integrity": "sha512-tPhhoGUiEiU/WXR4rt8klIoLdnTtyu+9jVKHd/wauEjYud32jyn63mzKWQweaQrHWxBQtYoVtdcEnYX1LosnFQ==",
      "license": "MIT",
      "engines": {
        "node": ">=18"
      },
      "funding": {
        "url": "https://github.com/sindresorhus/ky?sponsor=1"
      }
    }
  }
}
